
Microsoft Visual Studio Solution File, Format Version 12.00
# Visual Studio Version 16
VisualStudioVersion = 16.0.32228.343
MinimumVisualStudioVersion = 10.0.40219.1
Project("{FAE04EC0-301F-11D3-BF4B-00C04F79EFBC}") = "WebAppLogin", "WebAppLogin\WebAppLogin.csproj", "{F99070D8-FF20-4F2A-881A-C5ADBE52DA39}"
EndProject
Global
	GlobalSection(SolutionConfigurationPlatforms) = preSolution
		Debug|Any CPU = Debug|Any CPU
		Release|Any CPU = Release|Any CPU
	EndGlobalSection
	GlobalSection(ProjectConfigurationPlatforms) = postSolution
		{F99070D8-FF20-4F2A-881A-C5ADBE52DA39}.Debug|Any CPU.ActiveCfg = Debug|Any CPU
		{F99070D8-FF20-4F2A-881A-C5ADBE52DA39}.Debug|Any CPU.Build.0 = Debug|Any CPU
		{F99070D8-FF20-4F2A-881A-C5ADBE52DA39}.Release|Any CPU.ActiveCfg = Release|Any CPU
		{F99070D8-FF20-4F2A-881A-C5ADBE52DA39}.Release|Any CPU.Build.0 = Release|Any CPU
	EndGlobalSection
	GlobalSection(SolutionProperties) = preSolution
		HideSolutionNode = FALSE
	EndGlobalSection
	GlobalSection(ExtensibilityGlobals) = postSolution
		SolutionGuid = {B9C164D0-958E-4DAB-A205-84B32AF536D8}
	EndGlobalSection
EndGlobal
